
Microsoft Visual Studio Solution File, Format Version 11.00
# Visual Studio 2010
Project("{F2A71F9B-5D33-465A-A702-920D77279786}") = "Push.Parser", "Push.Parser.fsproj", "{90365AB0-39D6-4217-9056-AA3D18147E30}"
EndProject
Project("{2150E333-8FDC-42A3-9474-1A3956D46DE8}") = "Tests", "Tests", "{EAF1CDBA-EB42-4426-8180-EF72813E8C38}"
EndProject
Project("{FAE04EC0-301F-11D3-BF4B-00C04F79EFBC}") = "InterpreterTests", "..\InterpreterTests\InterpreterTests.csproj", "{31DC08E4-A665-4ABF-A36C-1DE1AB46A9CA}"
EndProject
Project("{2150E333-8FDC-42A3-9474-1A3956D46DE8}") = "Solution Items", "Solution Items", "{F53E2C9F-1F35-43C6-86BE-6D2D34D1A400}"
	ProjectSection(SolutionItems) = preProject
		Push.vsmdi = Push.vsmdi
		TraceAndTestImpact.testsettings = TraceAndTestImpact.testsettings
	EndProjectSection
EndProject
Project("{FAE04EC0-301F-11D3-BF4B-00C04F79EFBC}") = "ExtensionAssembly", "..\InterpreterTests\Asssemblies\Extention\ExtentionAssembly\ExtensionAssembly.csproj", "{DA5DC8F4-4627-46B6-B8CD-D5DB2C4B6DC1}"
EndProject
Project("{FAE04EC0-301F-11D3-BF4B-00C04F79EFBC}") = "BadClass", "..\InterpreterTests\Asssemblies\Extention\IncorrectlyDerivedClass\BadClass\BadClass.csproj", "{CFFF2163-4EBC-4D6A-A96B-70BD622751AC}"
EndProject
Project("{FAE04EC0-301F-11D3-BF4B-00C04F79EFBC}") = "NonstaticOp", "..\InterpreterTests\Asssemblies\Extention\NonstaticOperation\NonstaticOp\NonstaticOp.csproj", "{A6477EA1-91A4-4FE3-BB95-CAC907993A41}"
EndProject
Global
	GlobalSection(TestCaseManagementSettings) = postSolution
		CategoryFile = Push.vsmdi
	EndGlobalSection
	GlobalSection(SolutionConfigurationPlatforms) = preSolution
		Debug|Any CPU = Debug|Any CPU
		Release|Any CPU = Release|Any CPU
	EndGlobalSection
	GlobalSection(ProjectConfigurationPlatforms) = postSolution
		{90365AB0-39D6-4217-9056-AA3D18147E30}.Debug|Any CPU.ActiveCfg = Debug|Any CPU
		{90365AB0-39D6-4217-9056-AA3D18147E30}.Debug|Any CPU.Build.0 = Debug|Any CPU
		{90365AB0-39D6-4217-9056-AA3D18147E30}.Release|Any CPU.ActiveCfg = Release|Any CPU
		{90365AB0-39D6-4217-9056-AA3D18147E30}.Release|Any CPU.Build.0 = Release|Any CPU
		{31DC08E4-A665-4ABF-A36C-1DE1AB46A9CA}.Debug|Any CPU.ActiveCfg = Debug|Any CPU
		{31DC08E4-A665-4ABF-A36C-1DE1AB46A9CA}.Debug|Any CPU.Build.0 = Debug|Any CPU
		{31DC08E4-A665-4ABF-A36C-1DE1AB46A9CA}.Release|Any CPU.ActiveCfg = Release|Any CPU
		{31DC08E4-A665-4ABF-A36C-1DE1AB46A9CA}.Release|Any CPU.Build.0 = Release|Any CPU
		{DA5DC8F4-4627-46B6-B8CD-D5DB2C4B6DC1}.Debug|Any CPU.ActiveCfg = Debug|Any CPU
		{DA5DC8F4-4627-46B6-B8CD-D5DB2C4B6DC1}.Debug|Any CPU.Build.0 = Debug|Any CPU
		{DA5DC8F4-4627-46B6-B8CD-D5DB2C4B6DC1}.Release|Any CPU.ActiveCfg = Release|Any CPU
		{DA5DC8F4-4627-46B6-B8CD-D5DB2C4B6DC1}.Release|Any CPU.Build.0 = Release|Any CPU
		{CFFF2163-4EBC-4D6A-A96B-70BD622751AC}.Debug|Any CPU.ActiveCfg = Debug|Any CPU
		{CFFF2163-4EBC-4D6A-A96B-70BD622751AC}.Debug|Any CPU.Build.0 = Debug|Any CPU
		{CFFF2163-4EBC-4D6A-A96B-70BD622751AC}.Release|Any CPU.ActiveCfg = Release|Any CPU
		{CFFF2163-4EBC-4D6A-A96B-70BD622751AC}.Release|Any CPU.Build.0 = Release|Any CPU
		{A6477EA1-91A4-4FE3-BB95-CAC907993A41}.Debug|Any CPU.ActiveCfg = Debug|Any CPU
		{A6477EA1-91A4-4FE3-BB95-CAC907993A41}.Debug|Any CPU.Build.0 = Debug|Any CPU
		{A6477EA1-91A4-4FE3-BB95-CAC907993A41}.Release|Any CPU.ActiveCfg = Release|Any CPU
		{A6477EA1-91A4-4FE3-BB95-CAC907993A41}.Release|Any CPU.Build.0 = Release|Any CPU
	EndGlobalSection
	GlobalSection(SolutionProperties) = preSolution
		HideSolutionNode = FALSE
	EndGlobalSection
	GlobalSection(NestedProjects) = preSolution
		{31DC08E4-A665-4ABF-A36C-1DE1AB46A9CA} = {EAF1CDBA-EB42-4426-8180-EF72813E8C38}
		{F53E2C9F-1F35-43C6-86BE-6D2D34D1A400} = {EAF1CDBA-EB42-4426-8180-EF72813E8C38}
		{DA5DC8F4-4627-46B6-B8CD-D5DB2C4B6DC1} = {EAF1CDBA-EB42-4426-8180-EF72813E8C38}
		{CFFF2163-4EBC-4D6A-A96B-70BD622751AC} = {EAF1CDBA-EB42-4426-8180-EF72813E8C38}
		{A6477EA1-91A4-4FE3-BB95-CAC907993A41} = {EAF1CDBA-EB42-4426-8180-EF72813E8C38}
	EndGlobalSection
EndGlobal
